{
	"name": "@patitas/model",
	"version": "0.1.0",
	"lockfileVersion": 1,
	"requires": true,
	"dependencies": {
		"model": {
			"version": "6.0.1",
			"resolved": "https://registry.npmjs.org/model/-/model-6.0.1.tgz",
			"integrity": "sha1-23Dpe6XUUtBreeh4k1jAukUpLy4=",
			"requires": {
				"utilities": "1.0.x"
			}
		},
		"utilities": {
			"version": "1.0.5",
			"resolved": "https://registry.npmjs.org/utilities/-/utilities-1.0.5.tgz",
			"integrity": "sha1-8rd6iPNRBzP8chW1xIalBKdaskU="
		}
	}
}
